
Microsoft Visual Studio Solution File, Format Version 12.00
# Visual Studio Version 16
VisualStudioVersion = 16.0.31025.194
MinimumVisualStudioVersion = 10.0.40219.1
Project("{FAE04EC0-301F-11D3-BF4B-00C04F79EFBC}") = "TorneoAnual", "TorneoAnual\TorneoAnual.csproj", "{59DC9299-B475-4236-B84B-5DF0C16D7ACE}"
EndProject
Global
	GlobalSection(SolutionConfigurationPlatforms) = preSolution
		Debug|Any CPU = Debug|Any CPU
		Release|Any CPU = Release|Any CPU
	EndGlobalSection
	GlobalSection(ProjectConfigurationPlatforms) = postSolution
		{59DC9299-B475-4236-B84B-5DF0C16D7ACE}.Debug|Any CPU.ActiveCfg = Debug|Any CPU
		{59DC9299-B475-4236-B84B-5DF0C16D7ACE}.Debug|Any CPU.Build.0 = Debug|Any CPU
		{59DC9299-B475-4236-B84B-5DF0C16D7ACE}.Release|Any CPU.ActiveCfg = Release|Any CPU
		{59DC9299-B475-4236-B84B-5DF0C16D7ACE}.Release|Any CPU.Build.0 = Release|Any CPU
	EndGlobalSection
	GlobalSection(SolutionProperties) = preSolution
		HideSolutionNode = FALSE
	EndGlobalSection
	GlobalSection(ExtensibilityGlobals) = postSolution
		SolutionGuid = {CAD70849-6587-4056-9520-ACB4B5580DDF}
	EndGlobalSection
EndGlobal
